// !$*UTF8*$!
{
	archiveVersion = 1;
	classes = {
	};
	objectVersion = 46;
	objects = {

/* Begin PBXBuildFile section */
		BF4BF6281AEBE815007B0B84 /* MuTitleButton.m in Sources */ = {isa = PBXBuildFile; fileRef = BF4BF6271AEBE815007B0B84 /* MuTitleButton.m */; };
		BF4BF6301AEC8850007B0B84 /* MuBuyViewController.m in Sources */ = {isa = PBXBuildFile; fileRef = BF4BF62F1AEC8850007B0B84 /* MuBuyViewController.m */; };
		BF4BF6341AECD623007B0B84 /* MuLoginViewController.m in Sources */ = {isa = PBXBuildFile; fileRef = BF4BF6331AECD623007B0B84 /* MuLoginViewController.m */; };
		BF4BF63A1AECDB20007B0B84 /* UIImage+Extension.m in Sources */ = {isa = PBXBuildFile; fileRef = BF4BF6391AECDB20007B0B84 /* UIImage+Extension.m */; };
		BF7A52721B11B94E0097F7BC /* Default-568h@2x.png in Resources */ = {isa = PBXBuildFile; fileRef = BF7A52711B11B94E0097F7BC /* Default-568h@2x.png */; };
		BFA318C31AF7755B00FFCCD3 /* MgSettingViewController.m in Sources */ = {isa = PBXBuildFile; fileRef = BFA318C21AF7755B00FFCCD3 /* MgSettingViewController.m */; };
		BFA318C81B0973D600FFCCD3 /* MgSettingItem.m in Sources */ = {isa = PBXBuildFile; fileRef = BFA318C71B0973D600FFCCD3 /* MgSettingItem.m */; };
		BFA318CB1B097EF200FFCCD3 /* MgPushNoticeViewController.m in Sources */ = {isa = PBXBuildFile; fileRef = BFA318CA1B097EF200FFCCD3 /* MgPushNoticeViewController.m */; };
		BFA318CE1B09E42D00FFCCD3 /* MgSettingGroup.m in Sources */ = {isa = PBXBuildFile; fileRef = BFA318CD1B09E42D00FFCCD3 /* MgSettingGroup.m */; };
		BFA318D21B09E6B900FFCCD3 /* MgSettingCell.m in Sources */ = {isa = PBXBuildFile; fileRef = BFA318D11B09E6B900FFCCD3 /* MgSettingCell.m */; };
		BFA318D81B0ADFBE00FFCCD3 /* MgSettingArrowItem.m in Sources */ = {isa = PBXBuildFile; fileRef = BFA318D71B0ADFBE00FFCCD3 /* MgSettingArrowItem.m */; };
		BFA318DB1B0ADFE000FFCCD3 /* MgSettingSwitchItem.m in Sources */ = {isa = PBXBuildFile; fileRef = BFA318DA1B0ADFE000FFCCD3 /* MgSettingSwitchItem.m */; };
		BFA318E21B0C877000FFCCD3 /* MBProgressHUD+MJ.m in Sources */ = {isa = PBXBuildFile; fileRef = BFA318DE1B0C877000FFCCD3 /* MBProgressHUD+MJ.m */; };
		BFA318E31B0C877000FFCCD3 /* MBProgressHUD.bundle in Resources */ = {isa = PBXBuildFile; fileRef = BFA318DF1B0C877000FFCCD3 /* MBProgressHUD.bundle */; };
		BFA318E41B0C877000FFCCD3 /* MBProgressHUD.m in Sources */ = {isa = PBXBuildFile; fileRef = BFA318E11B0C877000FFCCD3 /* MBProgressHUD.m */; };
		BFA318E71B0CD3B200FFCCD3 /* MgProductViewController.m in Sources */ = {isa = PBXBuildFile; fileRef = BFA318E61B0CD3B200FFCCD3 /* MgProductViewController.m */; };
		BFA318ED1B0CDAA900FFCCD3 /* MgProduct.m in Sources */ = {isa = PBXBuildFile; fileRef = BFA318EC1B0CDAA900FFCCD3 /* MgProduct.m */; };
		BFA318F01B0CE10E00FFCCD3 /* MgProductCell.m in Sources */ = {isa = PBXBuildFile; fileRef = BFA318EF1B0CE10E00FFCCD3 /* MgProductCell.m */; };
		BFA318F21B0CE18300FFCCD3 /* MgProductCell.xib in Resources */ = {isa = PBXBuildFile; fileRef = BFA318F11B0CE18300FFCCD3 /* MgProductCell.xib */; };
		BFA318F41B0CE64B00FFCCD3 /* products.json in Resources */ = {isa = PBXBuildFile; fileRef = BFA318F31B0CE64B00FFCCD3 /* products.json */; };
		BFA318F61B0D728400FFCCD3 /* product_2.json in Resources */ = {isa = PBXBuildFile; fileRef = BFA318F51B0D728400FFCCD3 /* product_2.json */; };
		BFA318FD1B0DC50600FFCCD3 /* MgBaseSettingViewController.m in Sources */ = {isa = PBXBuildFile; fileRef = BFA318FC1B0DC50600FFCCD3 /* MgBaseSettingViewController.m */; };
		BFA319001B0DCC5A00FFCCD3 /* MgAwardPushViewController.m in Sources */ = {isa = PBXBuildFile; fileRef = BFA318FF1B0DCC5A00FFCCD3 /* MgAwardPushViewController.m */; };
		BFA319031B0DCFB600FFCCD3 /* MgAwardAnimViewController.m in Sources */ = {isa = PBXBuildFile; fileRef = BFA319021B0DCFB600FFCCD3 /* MgAwardAnimViewController.m */; };
		BFA319061B0DD26500FFCCD3 /* MgSettingLabelItem.m in Sources */ = {isa = PBXBuildFile; fileRef = BFA319051B0DD26500FFCCD3 /* MgSettingLabelItem.m */; };
		BFA319091B0DD4C200FFCCD3 /* MgScoreTimeViewController.m in Sources */ = {isa = PBXBuildFile; fileRef = BFA319081B0DD4C200FFCCD3 /* MgScoreTimeViewController.m */; };
		BFA3190D1B0E125600FFCCD3 /* MgHelpViewController.m in Sources */ = {isa = PBXBuildFile; fileRef = BFA3190C1B0E125600FFCCD3 /* MgHelpViewController.m */; };
		BFA3192E1B0E141200FFCCD3 /* bjdc_howto.html in Resources */ = {isa = PBXBuildFile; fileRef = BFA319111B0E141200FFCCD3 /* bjdc_howto.html */; };
		BFA3192F1B0E141200FFCCD3 /* coupon_help.html in Resources */ = {isa = PBXBuildFile; fileRef = BFA319121B0E141200FFCCD3 /* coupon_help.html */; };
		BFA319301B0E141200FFCCD3 /* credit_help.html in Resources */ = {isa = PBXBuildFile; fileRef = BFA319131B0E141200FFCCD3 /* credit_help.html */; };
		BFA319311B0E141200FFCCD3 /* dlt_howto.html in Resources */ = {isa = PBXBuildFile; fileRef = BFA319141B0E141200FFCCD3 /* dlt_howto.html */; };
		BFA319321B0E141200FFCCD3 /* f9_howto.html in Resources */ = {isa = PBXBuildFile; fileRef = BFA319151B0E141200FFCCD3 /* f9_howto.html */; };
		BFA319331B0E141200FFCCD3 /* gdy11_howto.html in Resources */ = {isa = PBXBuildFile; fileRef = BFA319161B0E141200FFCCD3 /* gdy11_howto.html */; };
		BFA319341B0E141200FFCCD3 /* group_record.html in Resources */ = {isa = PBXBuildFile; fileRef = BFA319171B0E141200FFCCD3 /* group_record.html */; };
		BFA319351B0E141200FFCCD3 /* help.html in Resources */ = {isa = PBXBuildFile; fileRef = BFA319181B0E141200FFCCD3 /* help.html */; };
		BFA319361B0E141200FFCCD3 /* helpGroupBuy.html in Resources */ = {isa = PBXBuildFile; fileRef = BFA319191B0E141200FFCCD3 /* helpGroupBuy.html */; };
		BFA319371B0E141200FFCCD3 /* jclq_howto.html in Resources */ = {isa = PBXBuildFile; fileRef = BFA3191A1B0E141200FFCCD3 /* jclq_howto.html */; };
		BFA319381B0E141200FFCCD3 /* jczq_howto.html in Resources */ = {isa = PBXBuildFile; fileRef = BFA3191B1B0E141200FFCCD3 /* jczq_howto.html */; };
		BFA319391B0E141200FFCCD3 /* jxssc_howto.html in Resources */ = {isa = PBXBuildFile; fileRef = BFA3191C1B0E141200FFCCD3 /* jxssc_howto.html */; };
		BFA3193A1B0E141200FFCCD3 /* jxy11_howto.html in Resources */ = {isa = PBXBuildFile; fileRef = BFA3191D1B0E141200FFCCD3 /* jxy11_howto.html */; };
		BFA3193B1B0E141200FFCCD3 /* k2_howto.html in Resources */ = {isa = PBXBuildFile; fileRef = BFA3191E1B0E141200FFCCD3 /* k2_howto.html */; };
		BFA3193C1B0E141200FFCCD3 /* k3_howto.html in Resources */ = {isa = PBXBuildFile; fileRef = BFA3191F1B0E141200FFCCD3 /* k3_howto.html */; };
		BFA3193D1B0E141200FFCCD3 /* kl8_howto.html in Resources */ = {isa = PBXBuildFile; fileRef = BFA319201B0E141200FFCCD3 /* kl8_howto.html */; };
		BFA3193E1B0E141200FFCCD3 /* lk11_howto.html in Resources */ = {isa = PBXBuildFile; fileRef = BFA319211B0E141200FFCCD3 /* lk11_howto.html */; };
		BFA3193F1B0E141200FFCCD3 /* networkconnectedfailed.html in Resources */ = {isa = PBXBuildFile; fileRef = BFA319221B0E141200FFCCD3 /* networkconnectedfailed.html */; };
		BFA319401B0E141200FFCCD3 /* pl3_howto.html in Resources */ = {isa = PBXBuildFile; fileRef = BFA319231B0E141200FFCCD3 /* pl3_howto.html */; };
		BFA319411B0E141200FFCCD3 /* pl5_howto.html in Resources */ = {isa = PBXBuildFile; fileRef = BFA319241B0E141200FFCCD3 /* pl5_howto.html */; };
		BFA319421B0E141200FFCCD3 /* qlc_howto.html in Resources */ = {isa = PBXBuildFile; fileRef = BFA319251B0E141200FFCCD3 /* qlc_howto.html */; };
		BFA319431B0E141200FFCCD3 /* qxc_howto.html in Resources */ = {isa = PBXBuildFile; fileRef = BFA319261B0E141200FFCCD3 /* qxc_howto.html */; };
		BFA319441B0E141200FFCCD3 /* rule.css in Resources */ = {isa = PBXBuildFile; fileRef = BFA319271B0E141200FFCCD3 /* rule.css */; };
		BFA319451B0E141200FFCCD3 /* sfc_howto.html in Resources */ = {isa = PBXBuildFile; fileRef = BFA319281B0E141200FFCCD3 /* sfc_howto.html */; };
		BFA319461B0E141200FFCCD3 /* ssc_howto.html in Resources */ = {isa = PBXBuildFile; fileRef = BFA319291B0E141200FFCCD3 /* ssc_howto.html */; };
		BFA319471B0E141200FFCCD3 /* ssq_howto.html in Resources */ = {isa = PBXBuildFile; fileRef = BFA3192A1B0E141200FFCCD3 /* ssq_howto.html */; };
		BFA319481B0E141200FFCCD3 /* x3d_howto.html in Resources */ = {isa = PBXBuildFile; fileRef = BFA3192B1B0E141200FFCCD3 /* x3d_howto.html */; };
		BFA319491B0E141200FFCCD3 /* y11_howto.html in Resources */ = {isa = PBXBuildFile; fileRef = BFA3192C1B0E141200FFCCD3 /* y11_howto.html */; };
		BFA3194A1B0E141200FFCCD3 /* znzh.html in Resources */ = {isa = PBXBuildFile; fileRef = BFA3192D1B0E141200FFCCD3 /* znzh.html */; };
		BFA3194D1B0E14CA00FFCCD3 /* MgHtmlViewController.m in Sources */ = {isa = PBXBuildFile; fileRef = BFA3194C1B0E14CA00FFCCD3 /* MgHtmlViewController.m */; };
		BFA3194F1B0E1C4400FFCCD3 /* help.json in Resources */ = {isa = PBXBuildFile; fileRef = BFA3194E1B0E1C4400FFCCD3 /* help.json */; };
		BFA319531B0E1CBA00FFCCD3 /* MgHtml.m in Sources */ = {isa = PBXBuildFile; fileRef = BFA319521B0E1CBA00FFCCD3 /* MgHtml.m */; };
		BFD4BF551AE73BD7005E72A2 /* main.m in Sources */ = {isa = PBXBuildFile; fileRef = BFD4BF541AE73BD7005E72A2 /* main.m */; };
		BFD4BF581AE73BD8005E72A2 /* AppDelegate.m in Sources */ = {isa = PBXBuildFile; fileRef = BFD4BF571AE73BD8005E72A2 /* AppDelegate.m */; };
		BFD4BF5B1AE73BD8005E72A2 /* ViewController.m in Sources */ = {isa = PBXBuildFile; fileRef = BFD4BF5A1AE73BD8005E72A2 /* ViewController.m */; };
		BFD4BF5E1AE73BD8005E72A2 /* Main.storyboard in Resources */ = {isa = PBXBuildFile; fileRef = BFD4BF5C1AE73BD8005E72A2 /* Main.storyboard */; };
		BFD4BF601AE73BD8005E72A2 /* Images.xcassets in Resources */ = {isa = PBXBuildFile; fileRef = BFD4BF5F1AE73BD8005E72A2 /* Images.xcassets */; };
		BFD4BF631AE73BD8005E72A2 /* LaunchScreen.xib in Resources */ = {isa = PBXBuildFile; fileRef = BFD4BF611AE73BD8005E72A2 /* LaunchScreen.xib */; };
		BFD4BF6F1AE73BD8005E72A2 /* xm01_LotteryTests.m in Sources */ = {isa = PBXBuildFile; fileRef = BFD4BF6E1AE73BD8005E72A2 /* xm01_LotteryTests.m */; };
		BFD4BF841AE74249005E72A2 /* MuTabBar.m in Sources */ = {isa = PBXBuildFile; fileRef = BFD4BF831AE74249005E72A2 /* MuTabBar.m */; };
		BFD4BF881AE742BF005E72A2 /* MuTabBarController.m in Sources */ = {isa = PBXBuildFile; fileRef = BFD4BF871AE742BF005E72A2 /* MuTabBarController.m */; };
		BFD4BF8B1AE77BE0005E72A2 /* MuTabBarButton.m in Sources */ = {isa = PBXBuildFile; fileRef = BFD4BF8A1AE77BE0005E72A2 /* MuTabBarButton.m */; };
		BFD4BF8D1AE7CA97005E72A2 /* Info.plist in Resources */ = {isa = PBXBuildFile; fileRef = BFD4BF8C1AE7CA97005E72A2 /* Info.plist */; };
		BFD4BF901AE7E0F3005E72A2 /* MuNavigationController.m in Sources */ = {isa = PBXBuildFile; fileRef = BFD4BF8F1AE7E0F3005E72A2 /* MuNavigationController.m */; };
		BFF9FD7E1B1072D000CDB9E9 /* MgShareViewController.m in Sources */ = {isa = PBXBuildFile; fileRef = BFF9FD7D1B1072D000CDB9E9 /* MgShareViewController.m */; };
		BFF9FD821B10811A00CDB9E9 /* MgAboutViewController.m in Sources */ = {isa = PBXBuildFile; fileRef = BFF9FD811B10811A00CDB9E9 /* MgAboutViewController.m */; };
/* End PBXBuildFile section */

/* Begin PBXContainerItemProxy section */
		BFD4BF691AE73BD8005E72A2 /* PBXContainerItemProxy */ = {
			isa = PBXContainerItemProxy;
			containerPortal = BFD4BF471AE73BD7005E72A2 /* Project object */;
			proxyType = 1;
			remoteGlobalIDString = BFD4BF4E1AE73BD7005E72A2;
			remoteInfo = "xm01-Lottery";
		};
/* End PBXContainerItemProxy section */

/* Begin PBXFileReference section */
		BF4BF6261AEBE815007B0B84 /* MuTitleButton.h */ = {isa = PBXFileReference; fileEncoding = 4; lastKnownFileType = sourcecode.c.h; path = MuTitleButton.h; sourceTree = "<group>"; };
		BF4BF6271AEBE815007B0B84 /* MuTitleButton.m */ = {isa = PBXFileReference; fileEncoding = 4; lastKnownFileType = sourcecode.c.objc; path = MuTitleButton.m; sourceTree = "<group>"; };
		BF4BF62D1AEBF022007B0B84 /* xm01-Lottery.pch */ = {isa = PBXFileReference; fileEncoding = 4; lastKnownFileType = sourcecode.c.h; path = "xm01-Lottery.pch"; sourceTree = "<group>"; };
		BF4BF62E1AEC8850007B0B84 /* MuBuyViewController.h */ = {isa = PBXFileReference; fileEncoding = 4; lastKnownFileType = sourcecode.c.h; path = MuBuyViewController.h; sourceTree = "<group>"; };
		BF4BF62F1AEC8850007B0B84 /* MuBuyViewController.m */ = {isa = PBXFileReference; fileEncoding = 4; lastKnownFileType = sourcecode.c.objc; path = MuBuyViewController.m; sourceTree = "<group>"; };
		BF4BF6321AECD623007B0B84 /* MuLoginViewController.h */ = {isa = PBXFileReference; fileEncoding = 4; lastKnownFileType = sourcecode.c.h; path = MuLoginViewController.h; sourceTree = "<group>"; };
		BF4BF6331AECD623007B0B84 /* MuLoginViewController.m */ = {isa = PBXFileReference; fileEncoding = 4; lastKnownFileType = sourcecode.c.objc; path = MuLoginViewController.m; sourceTree = "<group>"; };
		BF4BF6381AECDB20007B0B84 /* UIImage+Extension.h */ = {isa = PBXFileReference; fileEncoding = 4; lastKnownFileType = sourcecode.c.h; path = "UIImage+Extension.h"; sourceTree = "<group>"; };
		BF4BF6391AECDB20007B0B84 /* UIImage+Extension.m */ = {isa = PBXFileReference; fileEncoding = 4; lastKnownFileType = sourcecode.c.objc; path = "UIImage+Extension.m"; sourceTree = "<group>"; };
		BF7A52711B11B94E0097F7BC /* Default-568h@2x.png */ = {isa = PBXFileReference; lastKnownFileType = image.png; path = "Default-568h@2x.png"; sourceTree = "<group>"; };
		BFA318C11AF7755B00FFCCD3 /* MgSettingViewController.h */ = {isa = PBXFileReference; fileEncoding = 4; lastKnownFileType = sourcecode.c.h; path = MgSettingViewController.h; sourceTree = "<group>"; };
		BFA318C21AF7755B00FFCCD3 /* MgSettingViewController.m */ = {isa = PBXFileReference; fileEncoding = 4; lastKnownFileType = sourcecode.c.objc; path = MgSettingViewController.m; sourceTree = "<group>"; };
		BFA318C61B0973D600FFCCD3 /* MgSettingItem.h */ = {isa = PBXFileReference; fileEncoding = 4; lastKnownFileType = sourcecode.c.h; path = MgSettingItem.h; sourceTree = "<group>"; };
		BFA318C71B0973D600FFCCD3 /* MgSettingItem.m */ = {isa = PBXFileReference; fileEncoding = 4; lastKnownFileType = sourcecode.c.objc; path = MgSettingItem.m; sourceTree = "<group>"; };
		BFA318C91B097EF200FFCCD3 /* MgPushNoticeViewController.h */ = {isa = PBXFileReference; fileEncoding = 4; lastKnownFileType = sourcecode.c.h; path = MgPushNoticeViewController.h; sourceTree = "<group>"; };
		BFA318CA1B097EF200FFCCD3 /* MgPushNoticeViewController.m */ = {isa = PBXFileReference; fileEncoding = 4; lastKnownFileType = sourcecode.c.objc; path = MgPushNoticeViewController.m; sourceTree = "<group>"; };
		BFA318CC1B09E42D00FFCCD3 /* MgSettingGroup.h */ = {isa = PBXFileReference; fileEncoding = 4; lastKnownFileType = sourcecode.c.h; path = MgSettingGroup.h; sourceTree = "<group>"; };
		BFA318CD1B09E42D00FFCCD3 /* MgSettingGroup.m */ = {isa = PBXFileReference; fileEncoding = 4; lastKnownFileType = sourcecode.c.objc; path = MgSettingGroup.m; sourceTree = "<group>"; };
		BFA318D01B09E6B900FFCCD3 /* MgSettingCell.h */ = {isa = PBXFileReference; fileEncoding = 4; lastKnownFileType = sourcecode.c.h; path = MgSettingCell.h; sourceTree = "<group>"; };
		BFA318D11B09E6B900FFCCD3 /* MgSettingCell.m */ = {isa = PBXFileReference; fileEncoding = 4; lastKnownFileType = sourcecode.c.objc; path = MgSettingCell.m; sourceTree = "<group>"; };
		BFA318D61B0ADFBE00FFCCD3 /* MgSettingArrowItem.h */ = {isa = PBXFileReference; fileEncoding = 4; lastKnownFileType = sourcecode.c.h; path = MgSettingArrowItem.h; sourceTree = "<group>"; };
		BFA318D71B0ADFBE00FFCCD3 /* MgSettingArrowItem.m */ = {isa = PBXFileReference; fileEncoding = 4; lastKnownFileType = sourcecode.c.objc; path = MgSettingArrowItem.m; sourceTree = "<group>"; };
		BFA318D91B0ADFE000FFCCD3 /* MgSettingSwitchItem.h */ = {isa = PBXFileReference; fileEncoding = 4; lastKnownFileType = sourcecode.c.h; path = MgSettingSwitchItem.h; sourceTree = "<group>"; };
		BFA318DA1B0ADFE000FFCCD3 /* MgSettingSwitchItem.m */ = {isa = PBXFileReference; fileEncoding = 4; lastKnownFileType = sourcecode.c.objc; path = MgSettingSwitchItem.m; sourceTree = "<group>"; };
		BFA318DD1B0C877000FFCCD3 /* MBProgressHUD+MJ.h */ = {isa = PBXFileReference; fileEncoding = 4; lastKnownFileType = sourcecode.c.h; path = "MBProgressHUD+MJ.h"; sourceTree = "<group>"; };
		BFA318DE1B0C877000FFCCD3 /* MBProgressHUD+MJ.m */ = {isa = PBXFileReference; fileEncoding = 4; lastKnownFileType = sourcecode.c.objc; path = "MBProgressHUD+MJ.m"; sourceTree = "<group>"; };
		BFA318DF1B0C877000FFCCD3 /* MBProgressHUD.bundle */ = {isa = PBXFileReference; lastKnownFileType = "wrapper.plug-in"; path = MBProgressHUD.bundle; sourceTree = "<group>"; };
		BFA318E01B0C877000FFCCD3 /* MBProgressHUD.h */ = {isa = PBXFileReference; fileEncoding = 4; lastKnownFileType = sourcecode.c.h; path = MBProgressHUD.h; sourceTree = "<group>"; };
		BFA318E11B0C877000FFCCD3 /* MBProgressHUD.m */ = {isa = PBXFileReference; fileEncoding = 4; lastKnownFileType = sourcecode.c.objc; path = MBProgressHUD.m; sourceTree = "<group>"; };
		BFA318E51B0CD3B200FFCCD3 /* MgProductViewController.h */ = {isa = PBXFileReference; fileEncoding = 4; lastKnownFileType = sourcecode.c.h; path = MgProductViewController.h; sourceTree = "<group>"; };
		BFA318E61B0CD3B200FFCCD3 /* MgProductViewController.m */ = {isa = PBXFileReference; fileEncoding = 4; lastKnownFileType = sourcecode.c.objc; path = MgProductViewController.m; sourceTree = "<group>"; };
		BFA318EB1B0CDAA900FFCCD3 /* MgProduct.h */ = {isa = PBXFileReference; fileEncoding = 4; lastKnownFileType = sourcecode.c.h; path = MgProduct.h; sourceTree = "<group>"; };
		BFA318EC1B0CDAA900FFCCD3 /* MgProduct.m */ = {isa = PBXFileReference; fileEncoding = 4; lastKnownFileType = sourcecode.c.objc; path = MgProduct.m; sourceTree = "<group>"; };
		BFA318EE1B0CE10E00FFCCD3 /* MgProductCell.h */ = {isa = PBXFileReference; fileEncoding = 4; lastKnownFileType = sourcecode.c.h; path = MgProductCell.h; sourceTree = "<group>"; };
		BFA318EF1B0CE10E00FFCCD3 /* MgProductCell.m */ = {isa = PBXFileReference; fileEncoding = 4; lastKnownFileType = sourcecode.c.objc; path = MgProductCell.m; sourceTree = "<group>"; };
		BFA318F11B0CE18300FFCCD3 /* MgProductCell.xib */ = {isa = PBXFileReference; fileEncoding = 4; lastKnownFileType = file.xib; path = MgProductCell.xib; sourceTree = "<group>"; };
		BFA318F31B0CE64B00FFCCD3 /* products.json */ = {isa = PBXFileReference; fileEncoding = 4; lastKnownFileType = text.json; path = products.json; sourceTree = "<group>"; };
		BFA318F51B0D728400FFCCD3 /* product_2.json */ = {isa = PBXFileReference; fileEncoding = 4; lastKnownFileType = text.json; path = product_2.json; sourceTree = "<group>"; };
		BFA318FB1B0DC50600FFCCD3 /* MgBaseSettingViewController.h */ = {isa = PBXFileReference; fileEncoding = 4; lastKnownFileType = sourcecode.c.h; path = MgBaseSettingViewController.h; sourceTree = "<group>"; };
		BFA318FC1B0DC50600FFCCD3 /* MgBaseSettingViewController.m */ = {isa = PBXFileReference; fileEncoding = 4; lastKnownFileType = sourcecode.c.objc; path = MgBaseSettingViewController.m; sourceTree = "<group>"; };
		BFA318FE1B0DCC5A00FFCCD3 /* MgAwardPushViewController.h */ = {isa = PBXFileReference; fileEncoding = 4; lastKnownFileType = sourcecode.c.h; path = MgAwardPushViewController.h; sourceTree = "<group>"; };
		BFA318FF1B0DCC5A00FFCCD3 /* MgAwardPushViewController.m */ = {isa = PBXFileReference; fileEncoding = 4; lastKnownFileType = sourcecode.c.objc; path = MgAwardPushViewController.m; sourceTree = "<group>"; };
		BFA319011B0DCFB600FFCCD3 /* MgAwardAnimViewController.h */ = {isa = PBXFileReference; fileEncoding = 4; lastKnownFileType = sourcecode.c.h; path = MgAwardAnimViewController.h; sourceTree = "<group>"; };
		BFA319021B0DCFB600FFCCD3 /* MgAwardAnimViewController.m */ = {isa = PBXFileReference; fileEncoding = 4; lastKnownFileType = sourcecode.c.objc; path = MgAwardAnimViewController.m; sourceTree = "<group>"; };
		BFA319041B0DD26500FFCCD3 /* MgSettingLabelItem.h */ = {isa = PBXFileReference; fileEncoding = 4; lastKnownFileType = sourcecode.c.h; path = MgSettingLabelItem.h; sourceTree = "<group>"; };
		BFA319051B0DD26500FFCCD3 /* MgSettingLabelItem.m */ = {isa = PBXFileReference; fileEncoding = 4; lastKnownFileType = sourcecode.c.objc; path = MgSettingLabelItem.m; sourceTree = "<group>"; };
		BFA319071B0DD4C200FFCCD3 /* MgScoreTimeViewController.h */ = {isa = PBXFileReference; fileEncoding = 4; lastKnownFileType = sourcecode.c.h; path = MgScoreTimeViewController.h; sourceTree = "<group>"; };
		BFA319081B0DD4C200FFCCD3 /* MgScoreTimeViewController.m */ = {isa = PBXFileReference; fileEncoding = 4; lastKnownFileType = sourcecode.c.objc; path = MgScoreTimeViewController.m; sourceTree = "<group>"; };
		BFA3190B1B0E125600FFCCD3 /* MgHelpViewController.h */ = {isa = PBXFileReference; fileEncoding = 4; lastKnownFileType = sourcecode.c.h; path = MgHelpViewController.h; sourceTree = "<group>"; };
		BFA3190C1B0E125600FFCCD3 /* MgHelpViewController.m */ = {isa = PBXFileReference; fileEncoding = 4; lastKnownFileType = sourcecode.c.objc; path = MgHelpViewController.m; sourceTree = "<group>"; };
		BFA319111B0E141200FFCCD3 /* bjdc_howto.html */ = {isa = PBXFileReference; fileEncoding = 4; lastKnownFileType = text.html; path = bjdc_howto.html; sourceTree = "<group>"; };
		BFA319121B0E141200FFCCD3 /* coupon_help.html */ = {isa = PBXFileReference; fileEncoding = 4; lastKnownFileType = text.html; path = coupon_help.html; sourceTree = "<group>"; };
		BFA319131B0E141200FFCCD3 /* credit_help.html */ = {isa = PBXFileReference; fileEncoding = 4; lastKnownFileType = text.html; path = credit_help.html; sourceTree = "<group>"; };
		BFA319141B0E141200FFCCD3 /* dlt_howto.html */ = {isa = PBXFileReference; fileEncoding = 4; lastKnownFileType = text.html; path = dlt_howto.html; sourceTree = "<group>"; };
		BFA319151B0E141200FFCCD3 /* f9_howto.html */ = {isa = PBXFileReference; fileEncoding = 4; lastKnownFileType = text.html; path = f9_howto.html; sourceTree = "<group>"; };
		BFA319161B0E141200FFCCD3 /* gdy11_howto.html */ = {isa = PBXFileReference; fileEncoding = 4; lastKnownFileType = text.html; path = gdy11_howto.html; sourceTree = "<group>"; };
		BFA319171B0E141200FFCCD3 /* group_record.html */ = {isa = PBXFileReference; fileEncoding = 4; lastKnownFileType = text.html; path = group_record.html; sourceTree = "<group>"; };
		BFA319181B0E141200FFCCD3 /* help.html */ = {isa = PBXFileReference; fileEncoding = 4; lastKnownFileType = text.html; path = help.html; sourceTree = "<group>"; };
		BFA319191B0E141200FFCCD3 /* helpGroupBuy.html */ = {isa = PBXFileReference; fileEncoding = 4; lastKnownFileType = text.html; path = helpGroupBuy.html; sourceTree = "<group>"; };
		BFA3191A1B0E141200FFCCD3 /* jclq_howto.html */ = {isa = PBXFileReference; fileEncoding = 4; lastKnownFileType = text.html; path = jclq_howto.html; sourceTree = "<group>"; };
		BFA3191B1B0E141200FFCCD3 /* jczq_howto.html */ = {isa = PBXFileReference; fileEncoding = 4; lastKnownFileType = text.html; path = jczq_howto.html; sourceTree = "<group>"; };
		BFA3191C1B0E141200FFCCD3 /* jxssc_howto.html */ = {isa = PBXFileReference; fileEncoding = 4; lastKnownFileType = text.html; path = jxssc_howto.html; sourceTree = "<group>"; };
		BFA3191D1B0E141200FFCCD3 /* jxy11_howto.html */ = {isa = PBXFileReference; fileEncoding = 4; lastKnownFileType = text.html; path = jxy11_howto.html; sourceTree = "<group>"; };
		BFA3191E1B0E141200FFCCD3 /* k2_howto.html */ = {isa = PBXFileReference; fileEncoding = 4; lastKnownFileType = text.html; path = k2_howto.html; sourceTree = "<group>"; };
		BFA3191F1B0E141200FFCCD3 /* k3_howto.html */ = {isa = PBXFileReference; fileEncoding = 4; lastKnownFileType = text.html; path = k3_howto.html; sourceTree = "<group>"; };
		BFA319201B0E141200FFCCD3 /* kl8_howto.html */ = {isa = PBXFileReference; fileEncoding = 4; lastKnownFileType = text.html; path = kl8_howto.html; sourceTree = "<group>"; };
		BFA319211B0E141200FFCCD3 /* lk11_howto.html */ = {isa = PBXFileReference; fileEncoding = 4; lastKnownFileType = text.html; path = lk11_howto.html; sourceTree = "<group>"; };
		BFA319221B0E141200FFCCD3 /* networkconnectedfailed.html */ = {isa = PBXFileReference; fileEncoding = 4; lastKnownFileType = text.html; path = networkconnectedfailed.html; sourceTree = "<group>"; };
		BFA319231B0E141200FFCCD3 /* pl3_howto.html */ = {isa = PBXFileReference; fileEncoding = 4; lastKnownFileType = text.html; path = pl3_howto.html; sourceTree = "<group>"; };
		BFA319241B0E141200FFCCD3 /* pl5_howto.html */ = {isa = PBXFileReference; fileEncoding = 4; lastKnownFileType = text.html; path = pl5_howto.html; sourceTree = "<group>"; };
		BFA319251B0E141200FFCCD3 /* qlc_howto.html */ = {isa = PBXFileReference; fileEncoding = 4; lastKnownFileType = text.html; path = qlc_howto.html; sourceTree = "<group>"; };
		BFA319261B0E141200FFCCD3 /* qxc_howto.html */ = {isa = PBXFileReference; fileEncoding = 4; lastKnownFileType = text.html; path = qxc_howto.html; sourceTree = "<group>"; };
		BFA319271B0E141200FFCCD3 /* rule.css */ = {isa = PBXFileReference; fileEncoding = 4; lastKnownFileType = text.css; path = rule.css; sourceTree = "<group>"; };
		BFA319281B0E141200FFCCD3 /* sfc_howto.html */ = {isa = PBXFileReference; fileEncoding = 4; lastKnownFileType = text.html; path = sfc_howto.html; sourceTree = "<group>"; };
		BFA319291B0E141200FFCCD3 /* ssc_howto.html */ = {isa = PBXFileReference; fileEncoding = 4; lastKnownFileType = text.html; path = ssc_howto.html; sourceTree = "<group>"; };
		BFA3192A1B0E141200FFCCD3 /* ssq_howto.html */ = {isa = PBXFileReference; fileEncoding = 4; lastKnownFileType = text.html; path = ssq_howto.html; sourceTree = "<group>"; };
		BFA3192B1B0E141200FFCCD3 /* x3d_howto.html */ = {isa = PBXFileReference; fileEncoding = 4; lastKnownFileType = text.html; path = x3d_howto.html; sourceTree = "<group>"; };
		BFA3192C1B0E141200FFCCD3 /* y11_howto.html */ = {isa = PBXFileReference; fileEncoding = 4; lastKnownFileType = text.html; path = y11_howto.html; sourceTree = "<group>"; };
		BFA3192D1B0E141200FFCCD3 /* znzh.html */ = {isa = PBXFileReference; fileEncoding = 4; lastKnownFileType = text.html; path = znzh.html; sourceTree = "<group>"; };
		BFA3194B1B0E14CA00FFCCD3 /* MgHtmlViewController.h */ = {isa = PBXFileReference; fileEncoding = 4; lastKnownFileType = sourcecode.c.h; path = MgHtmlViewController.h; sourceTree = "<group>"; };
		BFA3194C1B0E14CA00FFCCD3 /* MgHtmlViewController.m */ = {isa = PBXFileReference; fileEncoding = 4; lastKnownFileType = sourcecode.c.objc; path = MgHtmlViewController.m; sourceTree = "<group>"; };
		BFA3194E1B0E1C4400FFCCD3 /* help.json */ = {isa = PBXFileReference; fileEncoding = 4; lastKnownFileType = text.json; path = help.json; sourceTree = "<group>"; };
		BFA319511B0E1CBA00FFCCD3 /* MgHtml.h */ = {isa = PBXFileReference; fileEncoding = 4; lastKnownFileType = sourcecode.c.h; path = MgHtml.h; sourceTree = "<group>"; };
		BFA319521B0E1CBA00FFCCD3 /* MgHtml.m */ = {isa = PBXFileReference; fileEncoding = 4; lastKnownFileType = sourcecode.c.objc; path = MgHtml.m; sourceTree = "<group>"; };
		BFD4BF4F1AE73BD7005E72A2 /* xm01-Lottery.app */ = {isa = PBXFileReference; explicitFileType = wrapper.application; includeInIndex = 0; path = "xm01-Lottery.app"; sourceTree = BUILT_PRODUCTS_DIR; };
		BFD4BF541AE73BD7005E72A2 /* main.m */ = {isa = PBXFileReference; lastKnownFileType = sourcecode.c.objc; path = main.m; sourceTree = "<group>"; };
		BFD4BF561AE73BD7005E72A2 /* AppDelegate.h */ = {isa = PBXFileReference; lastKnownFileType = sourcecode.c.h; path = AppDelegate.h; sourceTree = "<group>"; };
		BFD4BF571AE73BD8005E72A2 /* AppDelegate.m */ = {isa = PBXFileReference; lastKnownFileType = sourcecode.c.objc; path = AppDelegate.m; sourceTree = "<group>"; };
		BFD4BF591AE73BD8005E72A2 /* ViewController.h */ = {isa = PBXFileReference; lastKnownFileType = sourcecode.c.h; path = ViewController.h; sourceTree = "<group>"; };
		BFD4BF5A1AE73BD8005E72A2 /* ViewController.m */ = {isa = PBXFileReference; lastKnownFileType = sourcecode.c.objc; path = ViewController.m; sourceTree = "<group>"; };
		BFD4BF5D1AE73BD8005E72A2 /* Base */ = {isa = PBXFileReference; lastKnownFileType = file.storyboard; name = Base; path = Base.lproj/Main.storyboard; sourceTree = "<group>"; };
		BFD4BF5F1AE73BD8005E72A2 /* Images.xcassets */ = {isa = PBXFileReference; lastKnownFileType = folder.assetcatalog; path = Images.xcassets; sourceTree = "<group>"; };
		BFD4BF621AE73BD8005E72A2 /* Base */ = {isa = PBXFileReference; lastKnownFileType = file.xib; name = Base; path = Base.lproj/LaunchScreen.xib; sourceTree = "<group>"; };
		BFD4BF681AE73BD8005E72A2 /* xm01-LotteryTests.xctest */ = {isa = PBXFileReference; explicitFileType = wrapper.cfbundle; includeInIndex = 0; path = "xm01-LotteryTests.xctest"; sourceTree = BUILT_PRODUCTS_DIR; };
		BFD4BF6D1AE73BD8005E72A2 /* Info.plist */ = {isa = PBXFileReference; lastKnownFileType = text.plist.xml; path = Info.plist; sourceTree = "<group>"; };
		BFD4BF6E1AE73BD8005E72A2 /* xm01_LotteryTests.m */ = {isa = PBXFileReference; lastKnownFileType = sourcecode.c.objc; path = xm01_LotteryTests.m; sourceTree = "<group>"; };
		BFD4BF821AE74249005E72A2 /* MuTabBar.h */ = {isa = PBXFileReference; fileEncoding = 4; lastKnownFileType = sourcecode.c.h; path = MuTabBar.h; sourceTree = "<group>"; };
		BFD4BF831AE74249005E72A2 /* MuTabBar.m */ = {isa = PBXFileReference; fileEncoding = 4; lastKnownFileType = sourcecode.c.objc; path = MuTabBar.m; sourceTree = "<group>"; };
		BFD4BF861AE742BF005E72A2 /* MuTabBarController.h */ = {isa = PBXFileReference; fileEncoding = 4; lastKnownFileType = sourcecode.c.h; path = MuTabBarController.h; sourceTree = "<group>"; };
		BFD4BF871AE742BF005E72A2 /* MuTabBarController.m */ = {isa = PBXFileReference; fileEncoding = 4; lastKnownFileType = sourcecode.c.objc; path = MuTabBarController.m; sourceTree = "<group>"; };
		BFD4BF891AE77BE0005E72A2 /* MuTabBarButton.h */ = {isa = PBXFileReference; fileEncoding = 4; lastKnownFileType = sourcecode.c.h; path = MuTabBarButton.h; sourceTree = "<group>"; };
		BFD4BF8A1AE77BE0005E72A2 /* MuTabBarButton.m */ = {isa = PBXFileReference; fileEncoding = 4; lastKnownFileType = sourcecode.c.objc; path = MuTabBarButton.m; sourceTree = "<group>"; };
		BFD4BF8C1AE7CA97005E72A2 /* Info.plist */ = {isa = PBXFileReference; fileEncoding = 4; lastKnownFileType = text.plist.xml; path = Info.plist; sourceTree = "<group>"; };
		BFD4BF8E1AE7E0F3005E72A2 /* MuNavigationController.h */ = {isa = PBXFileReference; fileEncoding = 4; lastKnownFileType = sourcecode.c.h; path = MuNavigationController.h; sourceTree = "<group>"; };
		BFD4BF8F1AE7E0F3005E72A2 /* MuNavigationController.m */ = {isa = PBXFileReference; fileEncoding = 4; lastKnownFileType = sourcecode.c.objc; path = MuNavigationController.m; sourceTree = "<group>"; };
		BFF9FD7C1B1072D000CDB9E9 /* MgShareViewController.h */ = {isa = PBXFileReference; fileEncoding = 4; lastKnownFileType = sourcecode.c.h; path = MgShareViewController.h; sourceTree = "<group>"; };
		BFF9FD7D1B1072D000CDB9E9 /* MgShareViewController.m */ = {isa = PBXFileReference; fileEncoding = 4; lastKnownFileType = sourcecode.c.objc; path = MgShareViewController.m; sourceTree = "<group>"; };
		BFF9FD801B10811A00CDB9E9 /* MgAboutViewController.h */ = {isa = PBXFileReference; fileEncoding = 4; lastKnownFileType = sourcecode.c.h; path = MgAboutViewController.h; sourceTree = "<group>"; };
		BFF9FD811B10811A00CDB9E9 /* MgAboutViewController.m */ = {isa = PBXFileReference; fileEncoding = 4; lastKnownFileType = sourcecode.c.objc; path = MgAboutViewController.m; sourceTree = "<group>"; };
/* End PBXFileReference section */

/* Begin PBXFrameworksBuildPhase section */
		BFD4BF4C1AE73BD7005E72A2 /* Frameworks */ = {
			isa = PBXFrameworksBuildPhase;
			buildActionMask = 2147483647;
			files = (
			);
			runOnlyForDeploymentPostprocessing = 0;
		};
		BFD4BF651AE73BD8005E72A2 /* Frameworks */ = {
			isa = PBXFrameworksBuildPhase;
			buildActionMask = 2147483647;
			files = (
			);
			runOnlyForDeploymentPostprocessing = 0;
		};
/* End PBXFrameworksBuildPhase section */

/* Begin PBXGroup section */
		BF4BF6221AEBE730007B0B84 /* Buy(合买订单) */ = {
			isa = PBXGroup;
			children = (
				BF4BF6231AEBE745007B0B84 /* Model */,
				BF4BF6251AEBE754007B0B84 /* View */,
				BF4BF6241AEBE74C007B0B84 /* Controller */,
			);
			name = "Buy(合买订单)";
			sourceTree = "<group>";
		};
		BF4BF6231AEBE745007B0B84 /* Model */ = {
			isa = PBXGroup;
			children = (
			);
			name = Model;
			sourceTree = "<group>";
		};
		BF4BF6241AEBE74C007B0B84 /* Controller */ = {
			isa = PBXGroup;
			children = (
				BF4BF62E1AEC8850007B0B84 /* MuBuyViewController.h */,
				BF4BF62F1AEC8850007B0B84 /* MuBuyViewController.m */,
			);
			name = Controller;
			sourceTree = "<group>";
		};
		BF4BF6251AEBE754007B0B84 /* View */ = {
			isa = PBXGroup;
			children = (
				BF4BF6261AEBE815007B0B84 /* MuTitleButton.h */,
				BF4BF6271AEBE815007B0B84 /* MuTitleButton.m */,
			);
			name = View;
			sourceTree = "<group>";
		};
		BF4BF6311AECD5F3007B0B84 /* Mine(我的彩票) */ = {
			isa = PBXGroup;
			children = (
				BF4BF6351AECD627007B0B84 /* Controller */,
			);
			name = "Mine(我的彩票)";
			sourceTree = "<group>";
		};
		BF4BF6351AECD627007B0B84 /* Controller */ = {
			isa = PBXGroup;
			children = (
				BF4BF6321AECD623007B0B84 /* MuLoginViewController.h */,
				BF4BF6331AECD623007B0B84 /* MuLoginViewController.m */,
			);
			name = Controller;
			sourceTree = "<group>";
		};
		BF4BF6371AECDADE007B0B84 /* Category(分类) */ = {
			isa = PBXGroup;
			children = (
				BF4BF6381AECDB20007B0B84 /* UIImage+Extension.h */,
				BF4BF6391AECDB20007B0B84 /* UIImage+Extension.m */,
			);
			name = "Category(分类)";
			sourceTree = "<group>";
		};
		BFA318C01AF7752500FFCCD3 /* Controller */ = {
			isa = PBXGroup;
			children = (
				BFA3190E1B0E137600FFCCD3 /* Setting */,
				BFA3190A1B0E123F00FFCCD3 /* Help */,
				BFA318FA1B0DBFB900FFCCD3 /* Product */,
				BFA318F91B0DBFB000FFCCD3 /* Push */,
				BFF9FD7B1B1072A600CDB9E9 /* Share */,
				BFF9FD7F1B10810700CDB9E9 /* About */,
			);
			name = Controller;
			sourceTree = "<group>";
		};
		BFA318C51B09739D00FFCCD3 /* Model */ = {
			isa = PBXGroup;
			children = (
				BFA319501B0E1C6E00FFCCD3 /* Help */,
				BFA318E81B0CDA6700FFCCD3 /* Item */,
				BFA318E91B0CDA7700FFCCD3 /* Group */,
				BFA318EA1B0CDA8B00FFCCD3 /* Product */,
			);
			name = Model;
			sourceTree = "<group>";
		};
		BFA318CF1B09E69900FFCCD3 /* View */ = {
			isa = PBXGroup;
			children = (
				BFA318F81B0DBFA500FFCCD3 /* Item */,
				BFA318F71B0DBF9800FFCCD3 /* Product */,
			);
			name = View;
			sourceTree = "<group>";
		};
		BFA318DC1B0C877000FFCCD3 /* MBProgressHUD */ = {
			isa = PBXGroup;
			children = (
				BFA318DD1B0C877000FFCCD3 /* MBProgressHUD+MJ.h */,
				BFA318DE1B0C877000FFCCD3 /* MBProgressHUD+MJ.m */,
				BFA318DF1B0C877000FFCCD3 /* MBProgressHUD.bundle */,
				BFA318E01B0C877000FFCCD3 /* MBProgressHUD.h */,
				BFA318E11B0C877000FFCCD3 /* MBProgressHUD.m */,
			);
			path = MBProgressHUD;
			sourceTree = "<group>";
		};
		BFA318E81B0CDA6700FFCCD3 /* Item */ = {
			isa = PBXGroup;
			children = (
				BFA318C61B0973D600FFCCD3 /* MgSettingItem.h */,
				BFA318C71B0973D600FFCCD3 /* MgSettingItem.m */,
				BFA318D61B0ADFBE00FFCCD3 /* MgSettingArrowItem.h */,
				BFA318D71B0ADFBE00FFCCD3 /* MgSettingArrowItem.m */,
				BFA318D91B0ADFE000FFCCD3 /* MgSettingSwitchItem.h */,
				BFA318DA1B0ADFE000FFCCD3 /* MgSettingSwitchItem.m */,
				BFA319041B0DD26500FFCCD3 /* MgSettingLabelItem.h */,
				BFA319051B0DD26500FFCCD3 /* MgSettingLabelItem.m */,
			);
			name = Item;
			sourceTree = "<group>";
		};
		BFA318E91B0CDA7700FFCCD3 /* Group */ = {
			isa = PBXGroup;
			children = (
				BFA318CC1B09E42D00FFCCD3 /* MgSettingGroup.h */,
				BFA318CD1B09E42D00FFCCD3 /* MgSettingGroup.m */,
			);
			name = Group;
			sourceTree = "<group>";
		};
		BFA318EA1B0CDA8B00FFCCD3 /* Product */ = {
			isa = PBXGroup;
			children = (
				BFA318EB1B0CDAA900FFCCD3 /* MgProduct.h */,
				BFA318EC1B0CDAA900FFCCD3 /* MgProduct.m */,
			);
			name = Product;
			sourceTree = "<group>";
		};
		BFA318F71B0DBF9800FFCCD3 /* Product */ = {
			isa = PBXGroup;
			children = (
				BFA318EE1B0CE10E00FFCCD3 /* MgProductCell.h */,
				BFA318EF1B0CE10E00FFCCD3 /* MgProductCell.m */,
				BFA318F11B0CE18300FFCCD3 /* MgProductCell.xib */,
			);
			name = Product;
			sourceTree = "<group>";
		};
		BFA318F81B0DBFA500FFCCD3 /* Item */ = {
			isa = PBXGroup;
			children = (
				BFA318D01B09E6B900FFCCD3 /* MgSettingCell.h */,
				BFA318D11B09E6B900FFCCD3 /* MgSettingCell.m */,
			);
			name = Item;
			sourceTree = "<group>";
		};
		BFA318F91B0DBFB000FFCCD3 /* Push */ = {
			isa = PBXGroup;
			children = (
				BFA318C91B097EF200FFCCD3 /* MgPushNoticeViewController.h */,
				BFA318CA1B097EF200FFCCD3 /* MgPushNoticeViewController.m */,
				BFA318FE1B0DCC5A00FFCCD3 /* MgAwardPushViewController.h */,
				BFA318FF1B0DCC5A00FFCCD3 /* MgAwardPushViewController.m */,
				BFA319011B0DCFB600FFCCD3 /* MgAwardAnimViewController.h */,
				BFA319021B0DCFB600FFCCD3 /* MgAwardAnimViewController.m */,
				BFA319071B0DD4C200FFCCD3 /* MgScoreTimeViewController.h */,
				BFA319081B0DD4C200FFCCD3 /* MgScoreTimeViewController.m */,
			);
			name = Push;
			sourceTree = "<group>";
		};
		BFA318FA1B0DBFB900FFCCD3 /* Product */ = {
			isa = PBXGroup;
			children = (
				BFA318E51B0CD3B200FFCCD3 /* MgProductViewController.h */,
				BFA318E61B0CD3B200FFCCD3 /* MgProductViewController.m */,
			);
			name = Product;
			sourceTree = "<group>";
		};
		BFA3190A1B0E123F00FFCCD3 /* Help */ = {
			isa = PBXGroup;
			children = (
				BFA3190B1B0E125600FFCCD3 /* MgHelpViewController.h */,
				BFA3190C1B0E125600FFCCD3 /* MgHelpViewController.m */,
				BFA3194B1B0E14CA00FFCCD3 /* MgHtmlViewController.h */,
				BFA3194C1B0E14CA00FFCCD3 /* MgHtmlViewController.m */,
			);
			name = Help;
			sourceTree = "<group>";
		};
		BFA3190E1B0E137600FFCCD3 /* Setting */ = {
			isa = PBXGroup;
			children = (
				BFA318C11AF7755B00FFCCD3 /* MgSettingViewController.h */,
				BFA318C21AF7755B00FFCCD3 /* MgSettingViewController.m */,
				BFA318FB1B0DC50600FFCCD3 /* MgBaseSettingViewController.h */,
				BFA318FC1B0DC50600FFCCD3 /* MgBaseSettingViewController.m */,
			);
			name = Setting;
			sourceTree = "<group>";
		};
		BFA3190F1B0E140600FFCCD3 /* Data */ = {
			isa = PBXGroup;
			children = (
				BFA319101B0E141200FFCCD3 /* Html */,
			);
			name = Data;
			sourceTree = "<group>";
		};
		BFA319101B0E141200FFCCD3 /* Html */ = {
			isa = PBXGroup;
			children = (
				BFA319111B0E141200FFCCD3 /* bjdc_howto.html */,
				BFA319121B0E141200FFCCD3 /* coupon_help.html */,
				BFA319131B0E141200FFCCD3 /* credit_help.html */,
				BFA319141B0E141200FFCCD3 /* dlt_howto.html */,
				BFA319151B0E141200FFCCD3 /* f9_howto.html */,
				BFA319161B0E141200FFCCD3 /* gdy11_howto.html */,
				BFA319171B0E141200FFCCD3 /* group_record.html */,
				BFA319181B0E141200FFCCD3 /* help.html */,
				BFA319191B0E141200FFCCD3 /* helpGroupBuy.html */,
				BFA3191A1B0E141200FFCCD3 /* jclq_howto.html */,
				BFA3191B1B0E141200FFCCD3 /* jczq_howto.html */,
				BFA3191C1B0E141200FFCCD3 /* jxssc_howto.html */,
				BFA3191D1B0E141200FFCCD3 /* jxy11_howto.html */,
				BFA3191E1B0E141200FFCCD3 /* k2_howto.html */,
				BFA3191F1B0E141200FFCCD3 /* k3_howto.html */,
				BFA319201B0E141200FFCCD3 /* kl8_howto.html */,
				BFA319211B0E141200FFCCD3 /* lk11_howto.html */,
				BFA319221B0E141200FFCCD3 /* networkconnectedfailed.html */,
				BFA319231B0E141200FFCCD3 /* pl3_howto.html */,
				BFA319241B0E141200FFCCD3 /* pl5_howto.html */,
				BFA319251B0E141200FFCCD3 /* qlc_howto.html */,
				BFA319261B0E141200FFCCD3 /* qxc_howto.html */,
				BFA319271B0E141200FFCCD3 /* rule.css */,
				BFA319281B0E141200FFCCD3 /* sfc_howto.html */,
				BFA319291B0E141200FFCCD3 /* ssc_howto.html */,
				BFA3192A1B0E141200FFCCD3 /* ssq_howto.html */,
				BFA3192B1B0E141200FFCCD3 /* x3d_howto.html */,
				BFA3192C1B0E141200FFCCD3 /* y11_howto.html */,
				BFA3192D1B0E141200FFCCD3 /* znzh.html */,
			);
			path = Html;
			sourceTree = "<group>";
		};
		BFA319501B0E1C6E00FFCCD3 /* Help */ = {
			isa = PBXGroup;
			children = (
				BFA319511B0E1CBA00FFCCD3 /* MgHtml.h */,
				BFA319521B0E1CBA00FFCCD3 /* MgHtml.m */,
			);
			name = Help;
			sourceTree = "<group>";
		};
		BFD4BF461AE73BD7005E72A2 = {
			isa = PBXGroup;
			children = (
				BF7A52711B11B94E0097F7BC /* Default-568h@2x.png */,
				BFD4BF511AE73BD7005E72A2 /* xm01-Lottery */,
				BFD4BF6B1AE73BD8005E72A2 /* xm01-LotteryTests */,
				BFD4BF501AE73BD7005E72A2 /* Products */,
			);
			sourceTree = "<group>";
		};
		BFD4BF501AE73BD7005E72A2 /* Products */ = {
			isa = PBXGroup;
			children = (
				BFD4BF4F1AE73BD7005E72A2 /* xm01-Lottery.app */,
				BFD4BF681AE73BD8005E72A2 /* xm01-LotteryTests.xctest */,
			);
			name = Products;
			sourceTree = "<group>";
		};
		BFD4BF511AE73BD7005E72A2 /* xm01-Lottery */ = {
			isa = PBXGroup;
			children = (
				BFD4BF791AE73DC8005E72A2 /* Classes */,
				BFD4BF7C1AE73DF2005E72A2 /* Others */,
				BFD4BF5F1AE73BD8005E72A2 /* Images.xcassets */,
				BFD4BF521AE73BD7005E72A2 /* Supporting Files */,
			);
			path = "xm01-Lottery";
			sourceTree = "<group>";
		};
		BFD4BF521AE73BD7005E72A2 /* Supporting Files */ = {
			isa = PBXGroup;
			children = (
				BFD4BF8C1AE7CA97005E72A2 /* Info.plist */,
				BFD4BF541AE73BD7005E72A2 /* main.m */,
				BF4BF62D1AEBF022007B0B84 /* xm01-Lottery.pch */,
			);
			name = "Supporting Files";
			sourceTree = "<group>";
		};
		BFD4BF6B1AE73BD8005E72A2 /* xm01-LotteryTests */ = {
			isa = PBXGroup;
			children = (
				BFD4BF6E1AE73BD8005E72A2 /* xm01_LotteryTests.m */,
				BFD4BF6C1AE73BD8005E72A2 /* Supporting Files */,
			);
			path = "xm01-LotteryTests";
			sourceTree = "<group>";
		};
		BFD4BF6C1AE73BD8005E72A2 /* Supporting Files */ = {
			isa = PBXGroup;
			children = (
				BFD4BF6D1AE73BD8005E72A2 /* Info.plist */,
			);
			name = "Supporting Files";
			sourceTree = "<group>";
		};
		BFD4BF781AE73DBB005E72A2 /* Controller */ = {
			isa = PBXGroup;
			children = (
				BFD4BF591AE73BD8005E72A2 /* ViewController.h */,
				BFD4BF5A1AE73BD8005E72A2 /* ViewController.m */,
			);
			name = Controller;
			sourceTree = "<group>";
		};
		BFD4BF791AE73DC8005E72A2 /* Classes */ = {
			isa = PBXGroup;
			children = (
				BFD4BF7F1AE741C6005E72A2 /* Main(主题整体) */,
				BF4BF6221AEBE730007B0B84 /* Buy(合买订单) */,
				BFD4BF7D1AE74190005E72A2 /* Hall(购买大厅) */,
				BF4BF6311AECD5F3007B0B84 /* Mine(我的彩票) */,
				BFD4BF7E1AE741B2005E72A2 /* Setting(设置) */,
			);
			name = Classes;
			sourceTree = "<group>";
		};
		BFD4BF7A1AE73DD1005E72A2 /* View */ = {
			isa = PBXGroup;
			children = (
			);
			name = View;
			sourceTree = "<group>";
		};
		BFD4BF7B1AE73DD7005E72A2 /* Model */ = {
			isa = PBXGroup;
			children = (
			);
			name = Model;
			sourceTree = "<group>";
		};
		BFD4BF7C1AE73DF2005E72A2 /* Others */ = {
			isa = PBXGroup;
			children = (
				BFA3190F1B0E140600FFCCD3 /* Data */,
				BFA318DC1B0C877000FFCCD3 /* MBProgressHUD */,
				BF4BF6371AECDADE007B0B84 /* Category(分类) */,
				BFD4BF5C1AE73BD8005E72A2 /* Main.storyboard */,
				BFA3194E1B0E1C4400FFCCD3 /* help.json */,
				BFD4BF561AE73BD7005E72A2 /* AppDelegate.h */,
				BFA318F31B0CE64B00FFCCD3 /* products.json */,
				BFA318F51B0D728400FFCCD3 /* product_2.json */,
				BFD4BF571AE73BD8005E72A2 /* AppDelegate.m */,
				BFD4BF611AE73BD8005E72A2 /* LaunchScreen.xib */,
			);
			name = Others;
			sourceTree = "<group>";
		};
		BFD4BF7D1AE74190005E72A2 /* Hall(购买大厅) */ = {
			isa = PBXGroup;
			children = (
				BFD4BF7B1AE73DD7005E72A2 /* Model */,
				BFD4BF7A1AE73DD1005E72A2 /* View */,
				BFD4BF781AE73DBB005E72A2 /* Controller */,
			);
			name = "Hall(购买大厅)";
			sourceTree = "<group>";
		};
		BFD4BF7E1AE741B2005E72A2 /* Setting(设置) */ = {
			isa = PBXGroup;
			children = (
				BFA318C51B09739D00FFCCD3 /* Model */,
				BFA318CF1B09E69900FFCCD3 /* View */,
				BFA318C01AF7752500FFCCD3 /* Controller */,
			);
			name = "Setting(设置)";
			sourceTree = "<group>";
		};
		BFD4BF7F1AE741C6005E72A2 /* Main(主题整体) */ = {
			isa = PBXGroup;
			children = (
				BFD4BF801AE741E0005E72A2 /* Model */,
				BFD4BF811AE741E8005E72A2 /* View */,
				BFD4BF851AE7426F005E72A2 /* Controller */,
			);
			name = "Main(主题整体)";
			sourceTree = "<group>";
		};
		BFD4BF801AE741E0005E72A2 /* Model */ = {
			isa = PBXGroup;
			children = (
				BFD4BF891AE77BE0005E72A2 /* MuTabBarButton.h */,
				BFD4BF8A1AE77BE0005E72A2 /* MuTabBarButton.m */,
				BFD4BF821AE74249005E72A2 /* MuTabBar.h */,
				BFD4BF831AE74249005E72A2 /* MuTabBar.m */,
			);
			name = Model;
			sourceTree = "<group>";
		};
		BFD4BF811AE741E8005E72A2 /* View */ = {
			isa = PBXGroup;
			children = (
			);
			name = View;
			sourceTree = "<group>";
		};
		BFD4BF851AE7426F005E72A2 /* Controller */ = {
			isa = PBXGroup;
			children = (
				BFD4BF861AE742BF005E72A2 /* MuTabBarController.h */,
				BFD4BF871AE742BF005E72A2 /* MuTabBarController.m */,
				BFD4BF8E1AE7E0F3005E72A2 /* MuNavigationController.h */,
				BFD4BF8F1AE7E0F3005E72A2 /* MuNavigationController.m */,
			);
			name = Controller;
			sourceTree = "<group>";
		};
		BFF9FD7B1B1072A600CDB9E9 /* Share */ = {
			isa = PBXGroup;
			children = (
				BFF9FD7C1B1072D000CDB9E9 /* MgShareViewController.h */,
				BFF9FD7D1B1072D000CDB9E9 /* MgShareViewController.m */,
			);
			name = Share;
			sourceTree = "<group>";
		};
		BFF9FD7F1B10810700CDB9E9 /* About */ = {
			isa = PBXGroup;
			children = (
				BFF9FD801B10811A00CDB9E9 /* MgAboutViewController.h */,
				BFF9FD811B10811A00CDB9E9 /* MgAboutViewController.m */,
			);
			name = About;
			sourceTree = "<group>";
		};
/* End PBXGroup section */

/* Begin PBXNativeTarget section */
		BFD4BF4E1AE73BD7005E72A2 /* xm01-Lottery */ = {
			isa = PBXNativeTarget;
			buildConfigurationList = BFD4BF721AE73BD8005E72A2 /* Build configuration list for PBXNativeTarget "xm01-Lottery" */;
			buildPhases = (
				BFD4BF4B1AE73BD7005E72A2 /* Sources */,
				BFD4BF4C1AE73BD7005E72A2 /* Frameworks */,
				BFD4BF4D1AE73BD7005E72A2 /* Resources */,
			);
			buildRules = (
			);
			dependencies = (
			);
			name = "xm01-Lottery";
			productName = "xm01-Lottery";
			productReference = BFD4BF4F1AE73BD7005E72A2 /* xm01-Lottery.app */;
			productType = "com.apple.product-type.application";
		};
		BFD4BF671AE73BD8005E72A2 /* xm01-LotteryTests */ = {
			isa = PBXNativeTarget;
			buildConfigurationList = BFD4BF751AE73BD8005E72A2 /* Build configuration list for PBXNativeTarget "xm01-LotteryTests" */;
			buildPhases = (
				BFD4BF641AE73BD8005E72A2 /* Sources */,
				BFD4BF651AE73BD8005E72A2 /* Frameworks */,
				BFD4BF661AE73BD8005E72A2 /* Resources */,
			);
			buildRules = (
			);
			dependencies = (
				BFD4BF6A1AE73BD8005E72A2 /* PBXTargetDependency */,
			);
			name = "xm01-LotteryTests";
			productName = "xm01-LotteryTests";
			productReference = BFD4BF681AE73BD8005E72A2 /* xm01-LotteryTests.xctest */;
			productType = "com.apple.product-type.bundle.unit-test";
		};
/* End PBXNativeTarget section */

/* Begin PBXProject section */
		BFD4BF471AE73BD7005E72A2 /* Project object */ = {
			isa = PBXProject;
			attributes = {
				LastUpgradeCheck = 0620;
				ORGANIZATIONNAME = GDUT;
				TargetAttributes = {
					BFD4BF4E1AE73BD7005E72A2 = {
						CreatedOnToolsVersion = 6.2;
					};
					BFD4BF671AE73BD8005E72A2 = {
						CreatedOnToolsVersion = 6.2;
						TestTargetID = BFD4BF4E1AE73BD7005E72A2;
					};
				};
			};
			buildConfigurationList = BFD4BF4A1AE73BD7005E72A2 /* Build configuration list for PBXProject "xm01-Lottery" */;
			compatibilityVersion = "Xcode 3.2";
			developmentRegion = English;
			hasScannedForEncodings = 0;
			knownRegions = (
				en,
				Base,
			);
			mainGroup = BFD4BF461AE73BD7005E72A2;
			productRefGroup = BFD4BF501AE73BD7005E72A2 /* Products */;
			projectDirPath = "";
			projectRoot = "";
			targets = (
				BFD4BF4E1AE73BD7005E72A2 /* xm01-Lottery */,
				BFD4BF671AE73BD8005E72A2 /* xm01-LotteryTests */,
			);
		};
/* End PBXProject section */

/* Begin PBXResourcesBuildPhase section */
		BFD4BF4D1AE73BD7005E72A2 /* Resources */ = {
			isa = PBXResourcesBuildPhase;
			buildActionMask = 2147483647;
			files = (
				BFA318F61B0D728400FFCCD3 /* product_2.json in Resources */,
				BFA319311B0E141200FFCCD3 /* dlt_howto.html in Resources */,
				BFA3193E1B0E141200FFCCD3 /* lk11_howto.html in Resources */,
				BFD4BF5E1AE73BD8005E72A2 /* Main.storyboard in Resources */,
				BFD4BF631AE73BD8005E72A2 /* LaunchScreen.xib in Resources */,
				BFA319381B0E141200FFCCD3 /* jczq_howto.html in Resources */,
				BFA319461B0E141200FFCCD3 /* ssc_howto.html in Resources */,
				BFA3192E1B0E141200FFCCD3 /* bjdc_howto.html in Resources */,
				BFA319481B0E141200FFCCD3 /* x3d_howto.html in Resources */,
				BFA319351B0E141200FFCCD3 /* help.html in Resources */,
				BFA319341B0E141200FFCCD3 /* group_record.html in Resources */,
				BFA3193D1B0E141200FFCCD3 /* kl8_howto.html in Resources */,
				BFA319411B0E141200FFCCD3 /* pl5_howto.html in Resources */,
				BFA318F41B0CE64B00FFCCD3 /* products.json in Resources */,
				BFA319371B0E141200FFCCD3 /* jclq_howto.html in Resources */,
				BFA319441B0E141200FFCCD3 /* rule.css in Resources */,
				BFA3194F1B0E1C4400FFCCD3 /* help.json in Resources */,
				BFA319391B0E141200FFCCD3 /* jxssc_howto.html in Resources */,
				BFA318F21B0CE18300FFCCD3 /* MgProductCell.xib in Resources */,
				BFA318E31B0C877000FFCCD3 /* MBProgressHUD.bundle in Resources */,
				BFD4BF8D1AE7CA97005E72A2 /* Info.plist in Resources */,
				BFA319401B0E141200FFCCD3 /* pl3_howto.html in Resources */,
				BFA319321B0E141200FFCCD3 /* f9_howto.html in Resources */,
				BFA3193C1B0E141200FFCCD3 /* k3_howto.html in Resources */,
				BFA319301B0E141200FFCCD3 /* credit_help.html in Resources */,
				BFA319331B0E141200FFCCD3 /* gdy11_howto.html in Resources */,
				BFD4BF601AE73BD8005E72A2 /* Images.xcassets in Resources */,
				BFA3193A1B0E141200FFCCD3 /* jxy11_howto.html in Resources */,
				BFA3193F1B0E141200FFCCD3 /* networkconnectedfailed.html in Resources */,
				BFA319421B0E141200FFCCD3 /* qlc_howto.html in Resources */,
				BFA3193B1B0E141200FFCCD3 /* k2_howto.html in Resources */,
				BFA319431B0E141200FFCCD3 /* qxc_howto.html in Resources */,
				BFA3194A1B0E141200FFCCD3 /* znzh.html in Resources */,
				BFA319471B0E141200FFCCD3 /* ssq_howto.html in Resources */,
				BFA319491B0E141200FFCCD3 /* y11_howto.html in Resources */,
				BF7A52721B11B94E0097F7BC /* Default-568h@2x.png in Resources */,
				BFA319451B0E141200FFCCD3 /* sfc_howto.html in Resources */,
				BFA3192F1B0E141200FFCCD3 /* coupon_help.html in Resources */,
				BFA319361B0E141200FFCCD3 /* helpGroupBuy.html in Resources */,
			);
			runOnlyForDeploymentPostprocessing = 0;
		};
		BFD4BF661AE73BD8005E72A2 /* Resources */ = {
			isa = PBXResourcesBuildPhase;
			buildActionMask = 2147483647;
			files = (
			);
			runOnlyForDeploymentPostprocessing = 0;
		};
/* End PBXResourcesBuildPhase section */

/* Begin PBXSourcesBuildPhase section */
		BFD4BF4B1AE73BD7005E72A2 /* Sources */ = {
			isa = PBXSourcesBuildPhase;
			buildActionMask = 2147483647;
			files = (
				BFA318F01B0CE10E00FFCCD3 /* MgProductCell.m in Sources */,
				BF4BF6301AEC8850007B0B84 /* MuBuyViewController.m in Sources */,
				BFA319061B0DD26500FFCCD3 /* MgSettingLabelItem.m in Sources */,
				BFA318E21B0C877000FFCCD3 /* MBProgressHUD+MJ.m in Sources */,
				BFA319091B0DD4C200FFCCD3 /* MgScoreTimeViewController.m in Sources */,
				BFD4BF901AE7E0F3005E72A2 /* MuNavigationController.m in Sources */,
				BFA319001B0DCC5A00FFCCD3 /* MgAwardPushViewController.m in Sources */,
				BFA318FD1B0DC50600FFCCD3 /* MgBaseSettingViewController.m in Sources */,
				BF4BF6341AECD623007B0B84 /* MuLoginViewController.m in Sources */,
				BFA319531B0E1CBA00FFCCD3 /* MgHtml.m in Sources */,
				BFD4BF881AE742BF005E72A2 /* MuTabBarController.m in Sources */,
				BFA318CE1B09E42D00FFCCD3 /* MgSettingGroup.m in Sources */,
				BFA318DB1B0ADFE000FFCCD3 /* MgSettingSwitchItem.m in Sources */,
				BFA318E41B0C877000FFCCD3 /* MBProgressHUD.m in Sources */,
				BFA319031B0DCFB600FFCCD3 /* MgAwardAnimViewController.m in Sources */,
				BFA318E71B0CD3B200FFCCD3 /* MgProductViewController.m in Sources */,
				BF4BF6281AEBE815007B0B84 /* MuTitleButton.m in Sources */,
				BFA318C81B0973D600FFCCD3 /* MgSettingItem.m in Sources */,
				BFD4BF5B1AE73BD8005E72A2 /* ViewController.m in Sources */,
				BFD4BF581AE73BD8005E72A2 /* AppDelegate.m in Sources */,
				BFA3194D1B0E14CA00FFCCD3 /* MgHtmlViewController.m in Sources */,
				BFA318CB1B097EF200FFCCD3 /* MgPushNoticeViewController.m in Sources */,
				BFA3190D1B0E125600FFCCD3 /* MgHelpViewController.m in Sources */,
				BFD4BF551AE73BD7005E72A2 /* main.m in Sources */,
				BFF9FD7E1B1072D000CDB9E9 /* MgShareViewController.m in Sources */,
				BFF9FD821B10811A00CDB9E9 /* MgAboutViewController.m in Sources */,
				BFA318ED1B0CDAA900FFCCD3 /* MgProduct.m in Sources */,
				BFD4BF841AE74249005E72A2 /* MuTabBar.m in Sources */,
				BFA318D21B09E6B900FFCCD3 /* MgSettingCell.m in Sources */,
				BFA318D81B0ADFBE00FFCCD3 /* MgSettingArrowItem.m in Sources */,
				BF4BF63A1AECDB20007B0B84 /* UIImage+Extension.m in Sources */,
				BFD4BF8B1AE77BE0005E72A2 /* MuTabBarButton.m in Sources */,
				BFA318C31AF7755B00FFCCD3 /* MgSettingViewController.m in Sources */,
			);
			runOnlyForDeploymentPostprocessing = 0;
		};
		BFD4BF641AE73BD8005E72A2 /* Sources */ = {
			isa = PBXSourcesBuildPhase;
			buildActionMask = 2147483647;
			files = (
				BFD4BF6F1AE73BD8005E72A2 /* xm01_LotteryTests.m in Sources */,
			);
			runOnlyForDeploymentPostprocessing = 0;
		};
/* End PBXSourcesBuildPhase section */

/* Begin PBXTargetDependency section */
		BFD4BF6A1AE73BD8005E72A2 /* PBXTargetDependency */ = {
			isa = PBXTargetDependency;
			target = BFD4BF4E1AE73BD7005E72A2 /* xm01-Lottery */;
			targetProxy = BFD4BF691AE73BD8005E72A2 /* PBXContainerItemProxy */;
		};
/* End PBXTargetDependency section */

/* Begin PBXVariantGroup section */
		BFD4BF5C1AE73BD8005E72A2 /* Main.storyboard */ = {
			isa = PBXVariantGroup;
			children = (
				BFD4BF5D1AE73BD8005E72A2 /* Base */,
			);
			name = Main.storyboard;
			sourceTree = "<group>";
		};
		BFD4BF611AE73BD8005E72A2 /* LaunchScreen.xib */ = {
			isa = PBXVariantGroup;
			children = (
				BFD4BF621AE73BD8005E72A2 /* Base */,
			);
			name = LaunchScreen.xib;
			sourceTree = "<group>";
		};
/* End PBXVariantGroup section */

/* Begin XCBuildConfiguration section */
		BFD4BF701AE73BD8005E72A2 /* Debug */ = {
			isa = XCBuildConfiguration;
			buildSettings = {
				ALWAYS_SEARCH_USER_PATHS = NO;
				CLANG_CXX_LANGUAGE_STANDARD = "gnu++0x";
				CLANG_CXX_LIBRARY = "libc++";
				CLANG_ENABLE_MODULES = YES;
				CLANG_ENABLE_OBJC_ARC = YES;
				CLANG_WARN_BOOL_CONVERSION = YES;
				CLANG_WARN_CONSTANT_CONVERSION = YES;
				CLANG_WARN_DIRECT_OBJC_ISA_USAGE = YES_ERROR;
				CLANG_WARN_EMPTY_BODY = YES;
				CLANG_WARN_ENUM_CONVERSION = YES;
				CLANG_WARN_INT_CONVERSION = YES;
				CLANG_WARN_OBJC_ROOT_CLASS = YES_ERROR;
				CLANG_WARN_UNREACHABLE_CODE = YES;
				CLANG_WARN__DUPLICATE_METHOD_MATCH = YES;
				"CODE_SIGN_IDENTITY[sdk=iphoneos*]" = "iPhone Developer";
				COPY_PHASE_STRIP = NO;
				ENABLE_STRICT_OBJC_MSGSEND = YES;
				GCC_C_LANGUAGE_STANDARD = gnu99;
				GCC_DYNAMIC_NO_PIC = NO;
				GCC_OPTIMIZATION_LEVEL = 0;
				GCC_PREPROCESSOR_DEFINITIONS = (
					"DEBUG=1",
					"$(inherited)",
				);
				GCC_SYMBOLS_PRIVATE_EXTERN = NO;
				GCC_WARN_64_TO_32_BIT_CONVERSION = YES;
				GCC_WARN_ABOUT_RETURN_TYPE = YES_ERROR;
				GCC_WARN_UNDECLARED_SELECTOR = YES;
				GCC_WARN_UNINITIALIZED_AUTOS = YES_AGGRESSIVE;
				GCC_WARN_UNUSED_FUNCTION = YES;
				GCC_WARN_UNUSED_VARIABLE = YES;
				IPHONEOS_DEPLOYMENT_TARGET = 8.2;
				MTL_ENABLE_DEBUG_INFO = YES;
				ONLY_ACTIVE_ARCH = YES;
				SDKROOT = iphoneos;
			};
			name = Debug;
		};
		BFD4BF711AE73BD8005E72A2 /* Release */ = {
			isa = XCBuildConfiguration;
			buildSettings = {
				ALWAYS_SEARCH_USER_PATHS = NO;
				CLANG_CXX_LANGUAGE_STANDARD = "gnu++0x";
				CLANG_CXX_LIBRARY = "libc++";
				CLANG_ENABLE_MODULES = YES;
				CLANG_ENABLE_OBJC_ARC = YES;
				CLANG_WARN_BOOL_CONVERSION = YES;
				CLANG_WARN_CONSTANT_CONVERSION = YES;
				CLANG_WARN_DIRECT_OBJC_ISA_USAGE = YES_ERROR;
				CLANG_WARN_EMPTY_BODY = YES;
				CLANG_WARN_ENUM_CONVERSION = YES;
				CLANG_WARN_INT_CONVERSION = YES;
				CLANG_WARN_OBJC_ROOT_CLASS = YES_ERROR;
				CLANG_WARN_UNREACHABLE_CODE = YES;
				CLANG_WARN__DUPLICATE_METHOD_MATCH = YES;
				"CODE_SIGN_IDENTITY[sdk=iphoneos*]" = "iPhone Developer";
				COPY_PHASE_STRIP = NO;
				ENABLE_NS_ASSERTIONS = NO;
				ENABLE_STRICT_OBJC_MSGSEND = YES;
				GCC_C_LANGUAGE_STANDARD = gnu99;
				GCC_WARN_64_TO_32_BIT_CONVERSION = YES;
				GCC_WARN_ABOUT_RETURN_TYPE = YES_ERROR;
				GCC_WARN_UNDECLARED_SELECTOR = YES;
				GCC_WARN_UNINITIALIZED_AUTOS = YES_AGGRESSIVE;
				GCC_WARN_UNUSED_FUNCTION = YES;
				GCC_WARN_UNUSED_VARIABLE = YES;
				IPHONEOS_DEPLOYMENT_TARGET = 8.2;
				MTL_ENABLE_DEBUG_INFO = NO;
				SDKROOT = iphoneos;
				VALIDATE_PRODUCT = YES;
			};
			name = Release;
		};
		BFD4BF731AE73BD8005E72A2 /* Debug */ = {
			isa = XCBuildConfiguration;
			buildSettings = {
				ASSETCATALOG_COMPILER_APPICON_NAME = AppIcon;
				CLANG_ENABLE_MODULES = YES;
				GCC_PRECOMPILE_PREFIX_HEADER = YES;
				GCC_PREFIX_HEADER = "xm01-Lottery/xm01-Lottery.pch";
				INFOPLIST_FILE = "xm01-Lottery/Info.plist";
				LD_RUNPATH_SEARCH_PATHS = "$(inherited) @executable_path/Frameworks";
				PRODUCT_NAME = "$(TARGET_NAME)";
				SWIFT_OBJC_BRIDGING_HEADER = "xm01-Lottery/xm01-Lottery-Bridging-Header.h";
				SWIFT_OPTIMIZATION_LEVEL = "-Onone";
			};
			name = Debug;
		};
		BFD4BF741AE73BD8005E72A2 /* Release */ = {
			isa = XCBuildConfiguration;
			buildSettings = {
				ASSETCATALOG_COMPILER_APPICON_NAME = AppIcon;
				CLANG_ENABLE_MODULES = YES;
				GCC_PRECOMPILE_PREFIX_HEADER = YES;
				GCC_PREFIX_HEADER = "xm01-Lottery/xm01-Lottery.pch";
				INFOPLIST_FILE = "xm01-Lottery/Info.plist";
				LD_RUNPATH_SEARCH_PATHS = "$(inherited) @executable_path/Frameworks";
				PRODUCT_NAME = "$(TARGET_NAME)";
				SWIFT_OBJC_BRIDGING_HEADER = "xm01-Lottery/xm01-Lottery-Bridging-Header.h";
			};
			name = Release;
		};
		BFD4BF761AE73BD8005E72A2 /* Debug */ = {
			isa = XCBuildConfiguration;
			buildSettings = {
				BUNDLE_LOADER = "$(TEST_HOST)";
				FRAMEWORK_SEARCH_PATHS = (
					"$(SDKROOT)/Developer/Library/Frameworks",
					"$(inherited)",
				);
				GCC_PREPROCESSOR_DEFINITIONS = (
					"DEBUG=1",
					"$(inherited)",
				);
				INFOPLIST_FILE = "xm01-LotteryTests/Info.plist";
				LD_RUNPATH_SEARCH_PATHS = "$(inherited) @executable_path/Frameworks @loader_path/Frameworks";
				PRODUCT_NAME = "$(TARGET_NAME)";
				TEST_HOST = "$(BUILT_PRODUCTS_DIR)/xm01-Lottery.app/xm01-Lottery";
			};
			name = Debug;
		};
		BFD4BF771AE73BD8005E72A2 /* Release */ = {
			isa = XCBuildConfiguration;
			buildSettings = {
				BUNDLE_LOADER = "$(TEST_HOST)";
				FRAMEWORK_SEARCH_PATHS = (
					"$(SDKROOT)/Developer/Library/Frameworks",
					"$(inherited)",
				);
				INFOPLIST_FILE = "xm01-LotteryTests/Info.plist";
				LD_RUNPATH_SEARCH_PATHS = "$(inherited) @executable_path/Frameworks @loader_path/Frameworks";
				PRODUCT_NAME = "$(TARGET_NAME)";
				TEST_HOST = "$(BUILT_PRODUCTS_DIR)/xm01-Lottery.app/xm01-Lottery";
			};
			name = Release;
		};
/* End XCBuildConfiguration section */

/* Begin XCConfigurationList section */
		BFD4BF4A1AE73BD7005E72A2 /* Build configuration list for PBXProject "xm01-Lottery" */ = {
			isa = XCConfigurationList;
			buildConfigurations = (
				BFD4BF701AE73BD8005E72A2 /* Debug */,
				BFD4BF711AE73BD8005E72A2 /* Release */,
			);
			defaultConfigurationIsVisible = 0;
			defaultConfigurationName = Release;
		};
		BFD4BF721AE73BD8005E72A2 /* Build configuration list for PBXNativeTarget "xm01-Lottery" */ = {
			isa = XCConfigurationList;
			buildConfigurations = (
				BFD4BF731AE73BD8005E72A2 /* Debug */,
				BFD4BF741AE73BD8005E72A2 /* Release */,
			);
			defaultConfigurationIsVisible = 0;
			defaultConfigurationName = Release;
		};
		BFD4BF751AE73BD8005E72A2 /* Build configuration list for PBXNativeTarget "xm01-LotteryTests" */ = {
			isa = XCConfigurationList;
			buildConfigurations = (
				BFD4BF761AE73BD8005E72A2 /* Debug */,
				BFD4BF771AE73BD8005E72A2 /* Release */,
			);
			defaultConfigurationIsVisible = 0;
			defaultConfigurationName = Release;
		};
/* End XCConfigurationList section */
	};
	rootObject = BFD4BF471AE73BD7005E72A2 /* Project object */;
}
